
Microsoft Visual Studio Solution File, Format Version 12.00
# Visual Studio Version 17
VisualStudioVersion = 17.0.31903.59
MinimumVisualStudioVersion = 10.0.40219.1
Project("{2150E333-8FDC-42A3-9474-1A3956D46DE8}") = "src", "src", "{2EA6ECD9-E40A-463A-81C4-8B5680F83419}"
EndProject
Project("{2150E333-8FDC-42A3-9474-1A3956D46DE8}") = "ApiGateways", "ApiGateways", "{8DD7DDE1-01B1-4D1E-BFF0-AF431D9DA2C0}"
EndProject
Project("{2150E333-8FDC-42A3-9474-1A3956D46DE8}") = "Services", "Services", "{FCB2343C-F54E-4583-82F7-8964E0A491C3}"
EndProject
Project("{9A19103F-16F7-4668-BE54-9A1E7A4F7556}") = "OcelotGateway", "src\ApiGateways\OcelotGateway\OcelotGateway.csproj", "{71D05E9F-30B8-46FC-89B1-59BFC2AFD2A0}"
EndProject
Project("{2150E333-8FDC-42A3-9474-1A3956D46DE8}") = "BuildingBlocks", "BuildingBlocks", "{8B806D02-DA74-4942-8B54-E6DCF3E2972D}"
EndProject
Project("{9A19103F-16F7-4668-BE54-9A1E7A4F7556}") = "EventBus", "src\BuildingBlocks\EventBus\EventBus.csproj", "{DA0E81AA-9692-44A3-B1F6-505ED69A070D}"
EndProject
Project("{2150E333-8FDC-42A3-9474-1A3956D46DE8}") = "Identity", "Identity", "{6B25B11C-46EB-4880-8596-73929427EE63}"
EndProject
Project("{2150E333-8FDC-42A3-9474-1A3956D46DE8}") = "src", "src", "{03E0F3EF-999E-4096-8302-23340F22823C}"
EndProject
Project("{9A19103F-16F7-4668-BE54-9A1E7A4F7556}") = "IdentityServer", "src\Services\Identity\src\IdentityServer\IdentityServer.csproj", "{0464AF46-EDBA-4CE7-8D47-4165B35CAD5A}"
EndProject
Project("{2150E333-8FDC-42A3-9474-1A3956D46DE8}") = "Notification", "Notification", "{32914BBA-3FB2-491B-AB4D-0713D9B947EA}"
EndProject
Project("{2150E333-8FDC-42A3-9474-1A3956D46DE8}") = "src", "src", "{A3DBD163-E5AD-4CC2-AD5C-BC6D2757809C}"
EndProject
Project("{9A19103F-16F7-4668-BE54-9A1E7A4F7556}") = "Notification", "src\Services\Notification\src\Notification\Notification.csproj", "{8BCCD6A8-A90E-48B5-8534-5415618F16F1}"
EndProject
Project("{2150E333-8FDC-42A3-9474-1A3956D46DE8}") = "Products", "Products", "{654FD223-177B-4C69-A3C2-C00602123C43}"
EndProject
Project("{9A19103F-16F7-4668-BE54-9A1E7A4F7556}") = "Product.Api", "src\Services\Products\Product.Api\Product.Api.csproj", "{DB9150AC-8C4E-4DEB-B80F-6D8E36534E2D}"
EndProject
Project("{FAE04EC0-301F-11D3-BF4B-00C04F79EFBC}") = "DataAccess", "src\BuildingBlocks\DataAccess\DataAccess.csproj", "{B51CC5F1-5094-43E7-A619-819993A93F1D}"
EndProject
Global
	GlobalSection(SolutionConfigurationPlatforms) = preSolution
		Debug|Any CPU = Debug|Any CPU
		Release|Any CPU = Release|Any CPU
	EndGlobalSection
	GlobalSection(ProjectConfigurationPlatforms) = postSolution
		{71D05E9F-30B8-46FC-89B1-59BFC2AFD2A0}.Debug|Any CPU.ActiveCfg = Debug|Any CPU
		{71D05E9F-30B8-46FC-89B1-59BFC2AFD2A0}.Debug|Any CPU.Build.0 = Debug|Any CPU
		{71D05E9F-30B8-46FC-89B1-59BFC2AFD2A0}.Release|Any CPU.ActiveCfg = Release|Any CPU
		{71D05E9F-30B8-46FC-89B1-59BFC2AFD2A0}.Release|Any CPU.Build.0 = Release|Any CPU
		{DA0E81AA-9692-44A3-B1F6-505ED69A070D}.Debug|Any CPU.ActiveCfg = Debug|Any CPU
		{DA0E81AA-9692-44A3-B1F6-505ED69A070D}.Debug|Any CPU.Build.0 = Debug|Any CPU
		{DA0E81AA-9692-44A3-B1F6-505ED69A070D}.Release|Any CPU.ActiveCfg = Release|Any CPU
		{DA0E81AA-9692-44A3-B1F6-505ED69A070D}.Release|Any CPU.Build.0 = Release|Any CPU
		{0464AF46-EDBA-4CE7-8D47-4165B35CAD5A}.Debug|Any CPU.ActiveCfg = Debug|Any CPU
		{0464AF46-EDBA-4CE7-8D47-4165B35CAD5A}.Debug|Any CPU.Build.0 = Debug|Any CPU
		{0464AF46-EDBA-4CE7-8D47-4165B35CAD5A}.Release|Any CPU.ActiveCfg = Release|Any CPU
		{0464AF46-EDBA-4CE7-8D47-4165B35CAD5A}.Release|Any CPU.Build.0 = Release|Any CPU
		{8BCCD6A8-A90E-48B5-8534-5415618F16F1}.Debug|Any CPU.ActiveCfg = Debug|Any CPU
		{8BCCD6A8-A90E-48B5-8534-5415618F16F1}.Debug|Any CPU.Build.0 = Debug|Any CPU
		{8BCCD6A8-A90E-48B5-8534-5415618F16F1}.Release|Any CPU.ActiveCfg = Release|Any CPU
		{8BCCD6A8-A90E-48B5-8534-5415618F16F1}.Release|Any CPU.Build.0 = Release|Any CPU
		{DB9150AC-8C4E-4DEB-B80F-6D8E36534E2D}.Debug|Any CPU.ActiveCfg = Debug|Any CPU
		{DB9150AC-8C4E-4DEB-B80F-6D8E36534E2D}.Debug|Any CPU.Build.0 = Debug|Any CPU
		{DB9150AC-8C4E-4DEB-B80F-6D8E36534E2D}.Release|Any CPU.ActiveCfg = Release|Any CPU
		{DB9150AC-8C4E-4DEB-B80F-6D8E36534E2D}.Release|Any CPU.Build.0 = Release|Any CPU
		{B51CC5F1-5094-43E7-A619-819993A93F1D}.Debug|Any CPU.ActiveCfg = Debug|Any CPU
		{B51CC5F1-5094-43E7-A619-819993A93F1D}.Debug|Any CPU.Build.0 = Debug|Any CPU
		{B51CC5F1-5094-43E7-A619-819993A93F1D}.Release|Any CPU.ActiveCfg = Release|Any CPU
		{B51CC5F1-5094-43E7-A619-819993A93F1D}.Release|Any CPU.Build.0 = Release|Any CPU
	EndGlobalSection
	GlobalSection(SolutionProperties) = preSolution
		HideSolutionNode = FALSE
	EndGlobalSection
	GlobalSection(NestedProjects) = preSolution
		{8DD7DDE1-01B1-4D1E-BFF0-AF431D9DA2C0} = {2EA6ECD9-E40A-463A-81C4-8B5680F83419}
		{FCB2343C-F54E-4583-82F7-8964E0A491C3} = {2EA6ECD9-E40A-463A-81C4-8B5680F83419}
		{71D05E9F-30B8-46FC-89B1-59BFC2AFD2A0} = {8DD7DDE1-01B1-4D1E-BFF0-AF431D9DA2C0}
		{8B806D02-DA74-4942-8B54-E6DCF3E2972D} = {2EA6ECD9-E40A-463A-81C4-8B5680F83419}
		{DA0E81AA-9692-44A3-B1F6-505ED69A070D} = {8B806D02-DA74-4942-8B54-E6DCF3E2972D}
		{6B25B11C-46EB-4880-8596-73929427EE63} = {FCB2343C-F54E-4583-82F7-8964E0A491C3}
		{03E0F3EF-999E-4096-8302-23340F22823C} = {6B25B11C-46EB-4880-8596-73929427EE63}
		{0464AF46-EDBA-4CE7-8D47-4165B35CAD5A} = {03E0F3EF-999E-4096-8302-23340F22823C}
		{32914BBA-3FB2-491B-AB4D-0713D9B947EA} = {FCB2343C-F54E-4583-82F7-8964E0A491C3}
		{A3DBD163-E5AD-4CC2-AD5C-BC6D2757809C} = {32914BBA-3FB2-491B-AB4D-0713D9B947EA}
		{8BCCD6A8-A90E-48B5-8534-5415618F16F1} = {A3DBD163-E5AD-4CC2-AD5C-BC6D2757809C}
		{654FD223-177B-4C69-A3C2-C00602123C43} = {FCB2343C-F54E-4583-82F7-8964E0A491C3}
		{DB9150AC-8C4E-4DEB-B80F-6D8E36534E2D} = {654FD223-177B-4C69-A3C2-C00602123C43}
		{B51CC5F1-5094-43E7-A619-819993A93F1D} = {8B806D02-DA74-4942-8B54-E6DCF3E2972D}
	EndGlobalSection
	GlobalSection(ExtensibilityGlobals) = postSolution
		SolutionGuid = {5C26D640-CA80-4CAC-8429-4CEDAA9E7A69}
	EndGlobalSection
EndGlobal
